
Microsoft Visual Studio Solution File, Format Version 12.00
# Visual Studio Version 17
VisualStudioVersion = 17.0.32002.185
MinimumVisualStudioVersion = 10.0.40219.1
Project("{9A19103F-16F7-4668-BE54-9A1E7A4F7556}") = "23052022", "23052022.csproj", "{AC94CFA4-806A-48FC-8437-21B88A46CEDE}"
EndProject
Global
	GlobalSection(SolutionConfigurationPlatforms) = preSolution
		Debug|Any CPU = Debug|Any CPU
		Release|Any CPU = Release|Any CPU
	EndGlobalSection
	GlobalSection(ProjectConfigurationPlatforms) = postSolution
		{AC94CFA4-806A-48FC-8437-21B88A46CEDE}.Debug|Any CPU.ActiveCfg = Debug|Any CPU
		{AC94CFA4-806A-48FC-8437-21B88A46CEDE}.Debug|Any CPU.Build.0 = Debug|Any CPU
		{AC94CFA4-806A-48FC-8437-21B88A46CEDE}.Release|Any CPU.ActiveCfg = Release|Any CPU
		{AC94CFA4-806A-48FC-8437-21B88A46CEDE}.Release|Any CPU.Build.0 = Release|Any CPU
	EndGlobalSection
	GlobalSection(SolutionProperties) = preSolution
		HideSolutionNode = FALSE
	EndGlobalSection
	GlobalSection(ExtensibilityGlobals) = postSolution
		SolutionGuid = {D03A7083-434E-4BDE-81AE-94351EA5C07E}
	EndGlobalSection
EndGlobal
